// !$*UTF8*$!
{
	archiveVersion = 1;
	classes = {
	};
	objectVersion = 50;
	objects = {

/* Begin PBXBuildFile section */
		640E013125CA27CB001276CE /* SnowViewController.swift in Sources */ = {isa = PBXBuildFile; fileRef = 640E013025CA27CB001276CE /* SnowViewController.swift */; };
		640E013525CA8070001276CE /* SkyView.swift in Sources */ = {isa = PBXBuildFile; fileRef = 640E013425CA8070001276CE /* SkyView.swift */; };
		640E013825CA8137001276CE /* SnowFlakeView.swift in Sources */ = {isa = PBXBuildFile; fileRef = 640E013725CA8137001276CE /* SnowFlakeView.swift */; };
		64F69FDA25C95B9800CD40AB /* AppDelegate.swift in Sources */ = {isa = PBXBuildFile; fileRef = 64F69FD925C95B9800CD40AB /* AppDelegate.swift */; };
		64F69FDC25C95B9800CD40AB /* SceneDelegate.swift in Sources */ = {isa = PBXBuildFile; fileRef = 64F69FDB25C95B9800CD40AB /* SceneDelegate.swift */; };
		64F69FDE25C95B9800CD40AB /* ViewController.swift in Sources */ = {isa = PBXBuildFile; fileRef = 64F69FDD25C95B9800CD40AB /* ViewController.swift */; };
		64F69FE125C95B9800CD40AB /* Main.storyboard in Resources */ = {isa = PBXBuildFile; fileRef = 64F69FDF25C95B9800CD40AB /* Main.storyboard */; };
		64F69FE325C95B9C00CD40AB /* Assets.xcassets in Resources */ = {isa = PBXBuildFile; fileRef = 64F69FE225C95B9C00CD40AB /* Assets.xcassets */; };
		64F69FE625C95B9C00CD40AB /* LaunchScreen.storyboard in Resources */ = {isa = PBXBuildFile; fileRef = 64F69FE425C95B9C00CD40AB /* LaunchScreen.storyboard */; };
/* End PBXBuildFile section */

/* Begin PBXFileReference section */
		640E013025CA27CB001276CE /* SnowViewController.swift */ = {isa = PBXFileReference; lastKnownFileType = sourcecode.swift; path = SnowViewController.swift; sourceTree = "<group>"; };
		640E013425CA8070001276CE /* SkyView.swift */ = {isa = PBXFileReference; lastKnownFileType = sourcecode.swift; path = SkyView.swift; sourceTree = "<group>"; };
		640E013725CA8137001276CE /* SnowFlakeView.swift */ = {isa = PBXFileReference; lastKnownFileType = sourcecode.swift; path = SnowFlakeView.swift; sourceTree = "<group>"; };
		64F69FD625C95B9800CD40AB /* ThreeAnimations.app */ = {isa = PBXFileReference; explicitFileType = wrapper.application; includeInIndex = 0; path = ThreeAnimations.app; sourceTree = BUILT_PRODUCTS_DIR; };
		64F69FD925C95B9800CD40AB /* AppDelegate.swift */ = {isa = PBXFileReference; lastKnownFileType = sourcecode.swift; path = AppDelegate.swift; sourceTree = "<group>"; };
		64F69FDB25C95B9800CD40AB /* SceneDelegate.swift */ = {isa = PBXFileReference; lastKnownFileType = sourcecode.swift; path = SceneDelegate.swift; sourceTree = "<group>"; };
		64F69FDD25C95B9800CD40AB /* ViewController.swift */ = {isa = PBXFileReference; lastKnownFileType = sourcecode.swift; path = ViewController.swift; sourceTree = "<group>"; };
		64F69FE025C95B9800CD40AB /* Base */ = {isa = PBXFileReference; lastKnownFileType = file.storyboard; name = Base; path = Base.lproj/Main.storyboard; sourceTree = "<group>"; };
		64F69FE225C95B9C00CD40AB /* Assets.xcassets */ = {isa = PBXFileReference; lastKnownFileType = folder.assetcatalog; path = Assets.xcassets; sourceTree = "<group>"; };
		64F69FE525C95B9C00CD40AB /* Base */ = {isa = PBXFileReference; lastKnownFileType = file.storyboard; name = Base; path = Base.lproj/LaunchScreen.storyboard; sourceTree = "<group>"; };
		64F69FE725C95B9C00CD40AB /* Info.plist */ = {isa = PBXFileReference; lastKnownFileType = text.plist.xml; path = Info.plist; sourceTree = "<group>"; };
/* End PBXFileReference section */

/* Begin PBXFrameworksBuildPhase section */
		64F69FD325C95B9800CD40AB /* Frameworks */ = {
			isa = PBXFrameworksBuildPhase;
			buildActionMask = 2147483647;
			files = (
			);
			runOnlyForDeploymentPostprocessing = 0;
		};
/* End PBXFrameworksBuildPhase section */

/* Begin PBXGroup section */
		640E013325CA8048001276CE /* Snow */ = {
			isa = PBXGroup;
			children = (
				640E013025CA27CB001276CE /* SnowViewController.swift */,
				640E013425CA8070001276CE /* SkyView.swift */,
				640E013725CA8137001276CE /* SnowFlakeView.swift */,
			);
			path = Snow;
			sourceTree = "<group>";
		};
		64F69FCD25C95B9800CD40AB = {
			isa = PBXGroup;
			children = (
				64F69FD825C95B9800CD40AB /* ThreeAnimations */,
				64F69FD725C95B9800CD40AB /* Products */,
			);
			sourceTree = "<group>";
		};
		64F69FD725C95B9800CD40AB /* Products */ = {
			isa = PBXGroup;
			children = (
				64F69FD625C95B9800CD40AB /* ThreeAnimations.app */,
			);
			name = Products;
			sourceTree = "<group>";
		};
		64F69FD825C95B9800CD40AB /* ThreeAnimations */ = {
			isa = PBXGroup;
			children = (
				640E013325CA8048001276CE /* Snow */,
				64F69FD925C95B9800CD40AB /* AppDelegate.swift */,
				64F69FDB25C95B9800CD40AB /* SceneDelegate.swift */,
				64F69FDD25C95B9800CD40AB /* ViewController.swift */,
				64F69FDF25C95B9800CD40AB /* Main.storyboard */,
				64F69FE225C95B9C00CD40AB /* Assets.xcassets */,
				64F69FE425C95B9C00CD40AB /* LaunchScreen.storyboard */,
				64F69FE725C95B9C00CD40AB /* Info.plist */,
			);
			path = ThreeAnimations;
			sourceTree = "<group>";
		};
/* End PBXGroup section */

/* Begin PBXNativeTarget section */
		64F69FD525C95B9800CD40AB /* ThreeAnimations */ = {
			isa = PBXNativeTarget;
			buildConfigurationList = 64F69FEA25C95B9C00CD40AB /* Build configuration list for PBXNativeTarget "ThreeAnimations" */;
			buildPhases = (
				64F69FD225C95B9800CD40AB /* Sources */,
				64F69FD325C95B9800CD40AB /* Frameworks */,
				64F69FD425C95B9800CD40AB /* Resources */,
			);
			buildRules = (
			);
			dependencies = (
			);
			name = ThreeAnimations;
			productName = ThreeAnimations;
			productReference = 64F69FD625C95B9800CD40AB /* ThreeAnimations.app */;
			productType = "com.apple.product-type.application";
		};
/* End PBXNativeTarget section */

/* Begin PBXProject section */
		64F69FCE25C95B9800CD40AB /* Project object */ = {
			isa = PBXProject;
			attributes = {
				LastSwiftUpdateCheck = 1220;
				LastUpgradeCheck = 1220;
				TargetAttributes = {
					64F69FD525C95B9800CD40AB = {
						CreatedOnToolsVersion = 12.2;
					};
				};
			};
			buildConfigurationList = 64F69FD125C95B9800CD40AB /* Build configuration list for PBXProject "ThreeAnimations" */;
			compatibilityVersion = "Xcode 9.3";
			developmentRegion = en;
			hasScannedForEncodings = 0;
			knownRegions = (
				en,
				Base,
			);
			mainGroup = 64F69FCD25C95B9800CD40AB;
			productRefGroup = 64F69FD725C95B9800CD40AB /* Products */;
			projectDirPath = "";
			projectRoot = "";
			targets = (
				64F69FD525C95B9800CD40AB /* ThreeAnimations */,
			);
		};
/* End PBXProject section */

/* Begin PBXResourcesBuildPhase section */
		64F69FD425C95B9800CD40AB /* Resources */ = {
			isa = PBXResourcesBuildPhase;
			buildActionMask = 2147483647;
			files = (
				64F69FE625C95B9C00CD40AB /* LaunchScreen.storyboard in Resources */,
				64F69FE325C95B9C00CD40AB /* Assets.xcassets in Resources */,
				64F69FE125C95B9800CD40AB /* Main.storyboard in Resources */,
			);
			runOnlyForDeploymentPostprocessing = 0;
		};
/* End PBXResourcesBuildPhase section */

/* Begin PBXSourcesBuildPhase section */
		64F69FD225C95B9800CD40AB /* Sources */ = {
			isa = PBXSourcesBuildPhase;
			buildActionMask = 2147483647;
			files = (
				640E013525CA8070001276CE /* SkyView.swift in Sources */,
				640E013825CA8137001276CE /* SnowFlakeView.swift in Sources */,
				64F69FDE25C95B9800CD40AB /* ViewController.swift in Sources */,
				640E013125CA27CB001276CE /* SnowViewController.swift in Sources */,
				64F69FDA25C95B9800CD40AB /* AppDelegate.swift in Sources */,
				64F69FDC25C95B9800CD40AB /* SceneDelegate.swift in Sources */,
			);
			runOnlyForDeploymentPostprocessing = 0;
		};
/* End PBXSourcesBuildPhase section */

/* Begin PBXVariantGroup section */
		64F69FDF25C95B9800CD40AB /* Main.storyboard */ = {
			isa = PBXVariantGroup;
			children = (
				64F69FE025C95B9800CD40AB /* Base */,
			);
			name = Main.storyboard;
			sourceTree = "<group>";
		};
		64F69FE425C95B9C00CD40AB /* LaunchScreen.storyboard */ = {
			isa = PBXVariantGroup;
			children = (
				64F69FE525C95B9C00CD40AB /* Base */,
			);
			name = LaunchScreen.storyboard;
			sourceTree = "<group>";
		};
/* End PBXVariantGroup section */

/* Begin XCBuildConfiguration section */
		64F69FE825C95B9C00CD40AB /* Debug */ = {
			isa = XCBuildConfiguration;
			buildSettings = {
				ALWAYS_SEARCH_USER_PATHS = NO;
				CLANG_ANALYZER_NONNULL = YES;
				CLANG_ANALYZER_NUMBER_OBJECT_CONVERSION = YES_AGGRESSIVE;
				CLANG_CXX_LANGUAGE_STANDARD = "gnu++14";
				CLANG_CXX_LIBRARY = "libc++";
				CLANG_ENABLE_MODULES = YES;
				CLANG_ENABLE_OBJC_ARC = YES;
				CLANG_ENABLE_OBJC_WEAK = YES;
				CLANG_WARN_BLOCK_CAPTURE_AUTORELEASING = YES;
				CLANG_WARN_BOOL_CONVERSION = YES;
				CLANG_WARN_COMMA = YES;
				CLANG_WARN_CONSTANT_CONVERSION = YES;
				CLANG_WARN_DEPRECATED_OBJC_IMPLEMENTATIONS = YES;
				CLANG_WARN_DIRECT_OBJC_ISA_USAGE = YES_ERROR;
				CLANG_WARN_DOCUMENTATION_COMMENTS = YES;
				CLANG_WARN_EMPTY_BODY = YES;
				CLANG_WARN_ENUM_CONVERSION = YES;
				CLANG_WARN_INFINITE_RECURSION = YES;
				CLANG_WARN_INT_CONVERSION = YES;
				CLANG_WARN_NON_LITERAL_NULL_CONVERSION = YES;
				CLANG_WARN_OBJC_IMPLICIT_RETAIN_SELF = YES;
				CLANG_WARN_OBJC_LITERAL_CONVERSION = YES;
				CLANG_WARN_OBJC_ROOT_CLASS = YES_ERROR;
				CLANG_WARN_QUOTED_INCLUDE_IN_FRAMEWORK_HEADER = YES;
				CLANG_WARN_RANGE_LOOP_ANALYSIS = YES;
				CLANG_WARN_STRICT_PROTOTYPES = YES;
				CLANG_WARN_SUSPICIOUS_MOVE = YES;
				CLANG_WARN_UNGUARDED_AVAILABILITY = YES_AGGRESSIVE;
				CLANG_WARN_UNREACHABLE_CODE = YES;
				CLANG_WARN__DUPLICATE_METHOD_MATCH = YES;
				COPY_PHASE_STRIP = NO;
				DEBUG_INFORMATION_FORMAT = dwarf;
				ENABLE_STRICT_OBJC_MSGSEND = YES;
				ENABLE_TESTABILITY = YES;
				GCC_C_LANGUAGE_STANDARD = gnu11;
				GCC_DYNAMIC_NO_PIC = NO;
				GCC_NO_COMMON_BLOCKS = YES;
				GCC_OPTIMIZATION_LEVEL = 0;
				GCC_PREPROCESSOR_DEFINITIONS = (
					"DEBUG=1",
					"$(inherited)",
				);
				GCC_WARN_64_TO_32_BIT_CONVERSION = YES;
				GCC_WARN_ABOUT_RETURN_TYPE = YES_ERROR;
				GCC_WARN_UNDECLARED_SELECTOR = YES;
				GCC_WARN_UNINITIALIZED_AUTOS = YES_AGGRESSIVE;
				GCC_WARN_UNUSED_FUNCTION = YES;
				GCC_WARN_UNUSED_VARIABLE = YES;
				IPHONEOS_DEPLOYMENT_TARGET = 14.2;
				MTL_ENABLE_DEBUG_INFO = INCLUDE_SOURCE;
				MTL_FAST_MATH = YES;
				ONLY_ACTIVE_ARCH = YES;
				SDKROOT = iphoneos;
				SWIFT_ACTIVE_COMPILATION_CONDITIONS = DEBUG;
				SWIFT_OPTIMIZATION_LEVEL = "-Onone";
			};
			name = Debug;
		};
		64F69FE925C95B9C00CD40AB /* Release */ = {
			isa = XCBuildConfiguration;
			buildSettings = {
				ALWAYS_SEARCH_USER_PATHS = NO;
				CLANG_ANALYZER_NONNULL = YES;
				CLANG_ANALYZER_NUMBER_OBJECT_CONVERSION = YES_AGGRESSIVE;
				CLANG_CXX_LANGUAGE_STANDARD = "gnu++14";
				CLANG_CXX_LIBRARY = "libc++";
				CLANG_ENABLE_MODULES = YES;
				CLANG_ENABLE_OBJC_ARC = YES;
				CLANG_ENABLE_OBJC_WEAK = YES;
				CLANG_WARN_BLOCK_CAPTURE_AUTORELEASING = YES;
				CLANG_WARN_BOOL_CONVERSION = YES;
				CLANG_WARN_COMMA = YES;
				CLANG_WARN_CONSTANT_CONVERSION = YES;
				CLANG_WARN_DEPRECATED_OBJC_IMPLEMENTATIONS = YES;
				CLANG_WARN_DIRECT_OBJC_ISA_USAGE = YES_ERROR;
				CLANG_WARN_DOCUMENTATION_COMMENTS = YES;
				CLANG_WARN_EMPTY_BODY = YES;
				CLANG_WARN_ENUM_CONVERSION = YES;
				CLANG_WARN_INFINITE_RECURSION = YES;
				CLANG_WARN_INT_CONVERSION = YES;
				CLANG_WARN_NON_LITERAL_NULL_CONVERSION = YES;
				CLANG_WARN_OBJC_IMPLICIT_RETAIN_SELF = YES;
				CLANG_WARN_OBJC_LITERAL_CONVERSION = YES;
				CLANG_WARN_OBJC_ROOT_CLASS = YES_ERROR;
				CLANG_WARN_QUOTED_INCLUDE_IN_FRAMEWORK_HEADER = YES;
				CLANG_WARN_RANGE_LOOP_ANALYSIS = YES;
				CLANG_WARN_STRICT_PROTOTYPES = YES;
				CLANG_WARN_SUSPICIOUS_MOVE = YES;
				CLANG_WARN_UNGUARDED_AVAILABILITY = YES_AGGRESSIVE;
				CLANG_WARN_UNREACHABLE_CODE = YES;
				CLANG_WARN__DUPLICATE_METHOD_MATCH = YES;
				COPY_PHASE_STRIP = NO;
				DEBUG_INFORMATION_FORMAT = "dwarf-with-dsym";
				ENABLE_NS_ASSERTIONS = NO;
				ENABLE_STRICT_OBJC_MSGSEND = YES;
				GCC_C_LANGUAGE_STANDARD = gnu11;
				GCC_NO_COMMON_BLOCKS = YES;
				GCC_WARN_64_TO_32_BIT_CONVERSION = YES;
				GCC_WARN_ABOUT_RETURN_TYPE = YES_ERROR;
				GCC_WARN_UNDECLARED_SELECTOR = YES;
				GCC_WARN_UNINITIALIZED_AUTOS = YES_AGGRESSIVE;
				GCC_WARN_UNUSED_FUNCTION = YES;
				GCC_WARN_UNUSED_VARIABLE = YES;
				IPHONEOS_DEPLOYMENT_TARGET = 14.2;
				MTL_ENABLE_DEBUG_INFO = NO;
				MTL_FAST_MATH = YES;
				SDKROOT = iphoneos;
				SWIFT_COMPILATION_MODE = wholemodule;
				SWIFT_OPTIMIZATION_LEVEL = "-O";
				VALIDATE_PRODUCT = YES;
			};
			name = Release;
		};
		64F69FEB25C95B9C00CD40AB /* Debug */ = {
			isa = XCBuildConfiguration;
			buildSettings = {
				ASSETCATALOG_COMPILER_APPICON_NAME = AppIcon;
				ASSETCATALOG_COMPILER_GLOBAL_ACCENT_COLOR_NAME = AccentColor;
				CODE_SIGN_STYLE = Automatic;
				DEVELOPMENT_TEAM = 627MATR572;
				INFOPLIST_FILE = ThreeAnimations/Info.plist;
				LD_RUNPATH_SEARCH_PATHS = (
					"$(inherited)",
					"@executable_path/Frameworks",
				);
				PRODUCT_BUNDLE_IDENTIFIER = "Happy-Tech.ThreeAnimations";
				PRODUCT_NAME = "$(TARGET_NAME)";
				SWIFT_VERSION = 5.0;
				TARGETED_DEVICE_FAMILY = "1,2";
			};
			name = Debug;
		};
		64F69FEC25C95B9C00CD40AB /* Release */ = {
			isa = XCBuildConfiguration;
			buildSettings = {
				ASSETCATALOG_COMPILER_APPICON_NAME = AppIcon;
				ASSETCATALOG_COMPILER_GLOBAL_ACCENT_COLOR_NAME = AccentColor;
				CODE_SIGN_STYLE = Automatic;
				DEVELOPMENT_TEAM = 627MATR572;
				INFOPLIST_FILE = ThreeAnimations/Info.plist;
				LD_RUNPATH_SEARCH_PATHS = (
					"$(inherited)",
					"@executable_path/Frameworks",
				);
				PRODUCT_BUNDLE_IDENTIFIER = "Happy-Tech.ThreeAnimations";
				PRODUCT_NAME = "$(TARGET_NAME)";
				SWIFT_VERSION = 5.0;
				TARGETED_DEVICE_FAMILY = "1,2";
			};
			name = Release;
		};
/* End XCBuildConfiguration section */

/* Begin XCConfigurationList section */
		64F69FD125C95B9800CD40AB /* Build configuration list for PBXProject "ThreeAnimations" */ = {
			isa = XCConfigurationList;
			buildConfigurations = (
				64F69FE825C95B9C00CD40AB /* Debug */,
				64F69FE925C95B9C00CD40AB /* Release */,
			);
			defaultConfigurationIsVisible = 0;
			defaultConfigurationName = Release;
		};
		64F69FEA25C95B9C00CD40AB /* Build configuration list for PBXNativeTarget "ThreeAnimations" */ = {
			isa = XCConfigurationList;
			buildConfigurations = (
				64F69FEB25C95B9C00CD40AB /* Debug */,
				64F69FEC25C95B9C00CD40AB /* Release */,
			);
			defaultConfigurationIsVisible = 0;
			defaultConfigurationName = Release;
		};
/* End XCConfigurationList section */
	};
	rootObject = 64F69FCE25C95B9800CD40AB /* Project object */;
}
